
Microsoft Visual Studio Solution File, Format Version 12.00
# Visual Studio Version 17
VisualStudioVersion = 17.7.34024.191
MinimumVisualStudioVersion = 10.0.40219.1
Project("{FAE04EC0-301F-11D3-BF4B-00C04F79EFBC}") = "AlternativCode", "AlternativCode\AlternativCode.csproj", "{73FF0092-0BB3-4765-9802-41F64F72F84D}"
EndProject
Global
	GlobalSection(SolutionConfigurationPlatforms) = preSolution
		Debug|Any CPU = Debug|Any CPU
		Release|Any CPU = Release|Any CPU
	EndGlobalSection
	GlobalSection(ProjectConfigurationPlatforms) = postSolution
		{73FF0092-0BB3-4765-9802-41F64F72F84D}.Debug|Any CPU.ActiveCfg = Debug|Any CPU
		{73FF0092-0BB3-4765-9802-41F64F72F84D}.Debug|Any CPU.Build.0 = Debug|Any CPU
		{73FF0092-0BB3-4765-9802-41F64F72F84D}.Release|Any CPU.ActiveCfg = Release|Any CPU
		{73FF0092-0BB3-4765-9802-41F64F72F84D}.Release|Any CPU.Build.0 = Release|Any CPU
	EndGlobalSection
	GlobalSection(SolutionProperties) = preSolution
		HideSolutionNode = FALSE
	EndGlobalSection
	GlobalSection(ExtensibilityGlobals) = postSolution
		SolutionGuid = {77DDC840-C67C-4C3E-BB37-981341A92C8E}
	EndGlobalSection
EndGlobal
